
Microsoft Visual Studio Solution File, Format Version 12.00
# Visual Studio Version 17
VisualStudioVersion = 17.4.33213.308
MinimumVisualStudioVersion = 10.0.40219.1
Project("{9A19103F-16F7-4668-BE54-9A1E7A4F7556}") = "ConsoleApp1", "ConsoleApp1\ConsoleApp1.csproj", "{3BED696E-FCBD-436C-B30A-753922F917C2}"
EndProject
Project("{9A19103F-16F7-4668-BE54-9A1E7A4F7556}") = "CS_Con_HelloWorld", "CS_Con_HelloWorld\CS_Con_HelloWorld.csproj", "{0282F12C-73C9-4D69-8A5A-84F8C07B9383}"
EndProject
Project("{9A19103F-16F7-4668-BE54-9A1E7A4F7556}") = "InputTypeCasting", "InputTypeCasting\InputTypeCasting.csproj", "{28DE6329-6441-408D-AB0F-725AFA506E44}"
EndProject
Project("{9A19103F-16F7-4668-BE54-9A1E7A4F7556}") = "AssignandLogicalOperatorExample", "AssignandLogicalOperatorExample\AssignandLogicalOperatorExample.csproj", "{4A8EF0D3-8887-4613-A9D1-98C36A3E969C}"
EndProject
Project("{9A19103F-16F7-4668-BE54-9A1E7A4F7556}") = "StringExample", "StringExample\StringExample.csproj", "{CA486E76-48D7-4E80-88F4-67CB240F40F3}"
EndProject
Project("{2150E333-8FDC-42A3-9474-1A3956D46DE8}") = "Solution Items", "Solution Items", "{45872C1D-F9F1-4317-A45C-2231FE15BE9A}"
	ProjectSection(SolutionItems) = preProject
		Sequence.txt = Sequence.txt
	EndProjectSection
EndProject
Project("{9A19103F-16F7-4668-BE54-9A1E7A4F7556}") = "ifelseProgram", "ifelseProgram\ifelseProgram.csproj", "{0D9626C2-AA8D-44B6-816D-A309F2F43717}"
EndProject
Project("{9A19103F-16F7-4668-BE54-9A1E7A4F7556}") = "switchProgram", "switchProgram\switchProgram.csproj", "{015D44B5-2343-4854-8EC7-D4CEB36A4A04}"
EndProject
Project("{9A19103F-16F7-4668-BE54-9A1E7A4F7556}") = "foreachProgram", "foreachProgram\foreachProgram.csproj", "{66928283-F5EF-4D0C-AADF-B8BB6F9C0150}"
EndProject
Project("{9A19103F-16F7-4668-BE54-9A1E7A4F7556}") = "ArrayExample", "ArrayExample\ArrayExample.csproj", "{05DE799C-FF4E-4583-93DF-AB1C94F6050F}"
EndProject
Project("{9A19103F-16F7-4668-BE54-9A1E7A4F7556}") = "MultidimensionalArrayExample", "MultidimensionalArrayExample\MultidimensionalArrayExample.csproj", "{B1FC299B-39F2-4186-B4B9-DF8A2D9CE667}"
EndProject
Project("{9A19103F-16F7-4668-BE54-9A1E7A4F7556}") = "SingleClassObject", "SingleClassObject\SingleClassObject.csproj", "{1F8361C1-316E-4EC1-9540-B00A7492A1B5}"
EndProject
Project("{9A19103F-16F7-4668-BE54-9A1E7A4F7556}") = "ClassandObjectProgram", "ClassandObjectProgram\ClassandObjectProgram.csproj", "{6FD4D660-102F-43B7-A024-AA48E0075F37}"
EndProject
Project("{9A19103F-16F7-4668-BE54-9A1E7A4F7556}") = "FieldandMemberProgram", "FieldandMemberProgram\FieldandMemberProgram.csproj", "{EF443FB3-ADD8-41B5-B8F5-8546E5FFDFD2}"
EndProject
Project("{9A19103F-16F7-4668-BE54-9A1E7A4F7556}") = "PrivateModifierExample", "PrivateModifierExample\PrivateModifierExample.csproj", "{17D95409-07E0-403F-AC1B-34390F2C5C51}"
EndProject
Project("{FAE04EC0-301F-11D3-BF4B-00C04F79EFBC}") = "InternalModifier", "InternalModifier\InternalModifier.csproj", "{9E1B21D4-ED1B-4299-BCBC-0B90F66B28EE}"
EndProject
Global
	GlobalSection(SolutionConfigurationPlatforms) = preSolution
		Debug|Any CPU = Debug|Any CPU
		Release|Any CPU = Release|Any CPU
	EndGlobalSection
	GlobalSection(ProjectConfigurationPlatforms) = postSolution
		{3BED696E-FCBD-436C-B30A-753922F917C2}.Debug|Any CPU.ActiveCfg = Debug|Any CPU
		{3BED696E-FCBD-436C-B30A-753922F917C2}.Debug|Any CPU.Build.0 = Debug|Any CPU
		{3BED696E-FCBD-436C-B30A-753922F917C2}.Release|Any CPU.ActiveCfg = Release|Any CPU
		{3BED696E-FCBD-436C-B30A-753922F917C2}.Release|Any CPU.Build.0 = Release|Any CPU
		{0282F12C-73C9-4D69-8A5A-84F8C07B9383}.Debug|Any CPU.ActiveCfg = Debug|Any CPU
		{0282F12C-73C9-4D69-8A5A-84F8C07B9383}.Debug|Any CPU.Build.0 = Debug|Any CPU
		{0282F12C-73C9-4D69-8A5A-84F8C07B9383}.Release|Any CPU.ActiveCfg = Release|Any CPU
		{0282F12C-73C9-4D69-8A5A-84F8C07B9383}.Release|Any CPU.Build.0 = Release|Any CPU
		{28DE6329-6441-408D-AB0F-725AFA506E44}.Debug|Any CPU.ActiveCfg = Debug|Any CPU
		{28DE6329-6441-408D-AB0F-725AFA506E44}.Debug|Any CPU.Build.0 = Debug|Any CPU
		{28DE6329-6441-408D-AB0F-725AFA506E44}.Release|Any CPU.ActiveCfg = Release|Any CPU
		{28DE6329-6441-408D-AB0F-725AFA506E44}.Release|Any CPU.Build.0 = Release|Any CPU
		{4A8EF0D3-8887-4613-A9D1-98C36A3E969C}.Debug|Any CPU.ActiveCfg = Debug|Any CPU
		{4A8EF0D3-8887-4613-A9D1-98C36A3E969C}.Debug|Any CPU.Build.0 = Debug|Any CPU
		{4A8EF0D3-8887-4613-A9D1-98C36A3E969C}.Release|Any CPU.ActiveCfg = Release|Any CPU
		{4A8EF0D3-8887-4613-A9D1-98C36A3E969C}.Release|Any CPU.Build.0 = Release|Any CPU
		{CA486E76-48D7-4E80-88F4-67CB240F40F3}.Debug|Any CPU.ActiveCfg = Debug|Any CPU
		{CA486E76-48D7-4E80-88F4-67CB240F40F3}.Debug|Any CPU.Build.0 = Debug|Any CPU
		{CA486E76-48D7-4E80-88F4-67CB240F40F3}.Release|Any CPU.ActiveCfg = Release|Any CPU
		{CA486E76-48D7-4E80-88F4-67CB240F40F3}.Release|Any CPU.Build.0 = Release|Any CPU
		{0D9626C2-AA8D-44B6-816D-A309F2F43717}.Debug|Any CPU.ActiveCfg = Debug|Any CPU
		{0D9626C2-AA8D-44B6-816D-A309F2F43717}.Debug|Any CPU.Build.0 = Debug|Any CPU
		{0D9626C2-AA8D-44B6-816D-A309F2F43717}.Release|Any CPU.ActiveCfg = Release|Any CPU
		{0D9626C2-AA8D-44B6-816D-A309F2F43717}.Release|Any CPU.Build.0 = Release|Any CPU
		{015D44B5-2343-4854-8EC7-D4CEB36A4A04}.Debug|Any CPU.ActiveCfg = Debug|Any CPU
		{015D44B5-2343-4854-8EC7-D4CEB36A4A04}.Debug|Any CPU.Build.0 = Debug|Any CPU
		{015D44B5-2343-4854-8EC7-D4CEB36A4A04}.Release|Any CPU.ActiveCfg = Release|Any CPU
		{015D44B5-2343-4854-8EC7-D4CEB36A4A04}.Release|Any CPU.Build.0 = Release|Any CPU
		{66928283-F5EF-4D0C-AADF-B8BB6F9C0150}.Debug|Any CPU.ActiveCfg = Debug|Any CPU
		{66928283-F5EF-4D0C-AADF-B8BB6F9C0150}.Debug|Any CPU.Build.0 = Debug|Any CPU
		{66928283-F5EF-4D0C-AADF-B8BB6F9C0150}.Release|Any CPU.ActiveCfg = Release|Any CPU
		{66928283-F5EF-4D0C-AADF-B8BB6F9C0150}.Release|Any CPU.Build.0 = Release|Any CPU
		{05DE799C-FF4E-4583-93DF-AB1C94F6050F}.Debug|Any CPU.ActiveCfg = Debug|Any CPU
		{05DE799C-FF4E-4583-93DF-AB1C94F6050F}.Debug|Any CPU.Build.0 = Debug|Any CPU
		{05DE799C-FF4E-4583-93DF-AB1C94F6050F}.Release|Any CPU.ActiveCfg = Release|Any CPU
		{05DE799C-FF4E-4583-93DF-AB1C94F6050F}.Release|Any CPU.Build.0 = Release|Any CPU
		{B1FC299B-39F2-4186-B4B9-DF8A2D9CE667}.Debug|Any CPU.ActiveCfg = Debug|Any CPU
		{B1FC299B-39F2-4186-B4B9-DF8A2D9CE667}.Debug|Any CPU.Build.0 = Debug|Any CPU
		{B1FC299B-39F2-4186-B4B9-DF8A2D9CE667}.Release|Any CPU.ActiveCfg = Release|Any CPU
		{B1FC299B-39F2-4186-B4B9-DF8A2D9CE667}.Release|Any CPU.Build.0 = Release|Any CPU
		{1F8361C1-316E-4EC1-9540-B00A7492A1B5}.Debug|Any CPU.ActiveCfg = Debug|Any CPU
		{1F8361C1-316E-4EC1-9540-B00A7492A1B5}.Debug|Any CPU.Build.0 = Debug|Any CPU
		{1F8361C1-316E-4EC1-9540-B00A7492A1B5}.Release|Any CPU.ActiveCfg = Release|Any CPU
		{1F8361C1-316E-4EC1-9540-B00A7492A1B5}.Release|Any CPU.Build.0 = Release|Any CPU
		{6FD4D660-102F-43B7-A024-AA48E0075F37}.Debug|Any CPU.ActiveCfg = Debug|Any CPU
		{6FD4D660-102F-43B7-A024-AA48E0075F37}.Debug|Any CPU.Build.0 = Debug|Any CPU
		{6FD4D660-102F-43B7-A024-AA48E0075F37}.Release|Any CPU.ActiveCfg = Release|Any CPU
		{6FD4D660-102F-43B7-A024-AA48E0075F37}.Release|Any CPU.Build.0 = Release|Any CPU
		{EF443FB3-ADD8-41B5-B8F5-8546E5FFDFD2}.Debug|Any CPU.ActiveCfg = Debug|Any CPU
		{EF443FB3-ADD8-41B5-B8F5-8546E5FFDFD2}.Debug|Any CPU.Build.0 = Debug|Any CPU
		{EF443FB3-ADD8-41B5-B8F5-8546E5FFDFD2}.Release|Any CPU.ActiveCfg = Release|Any CPU
		{EF443FB3-ADD8-41B5-B8F5-8546E5FFDFD2}.Release|Any CPU.Build.0 = Release|Any CPU
		{17D95409-07E0-403F-AC1B-34390F2C5C51}.Debug|Any CPU.ActiveCfg = Debug|Any CPU
		{17D95409-07E0-403F-AC1B-34390F2C5C51}.Debug|Any CPU.Build.0 = Debug|Any CPU
		{17D95409-07E0-403F-AC1B-34390F2C5C51}.Release|Any CPU.ActiveCfg = Release|Any CPU
		{17D95409-07E0-403F-AC1B-34390F2C5C51}.Release|Any CPU.Build.0 = Release|Any CPU
		{9E1B21D4-ED1B-4299-BCBC-0B90F66B28EE}.Debug|Any CPU.ActiveCfg = Debug|Any CPU
		{9E1B21D4-ED1B-4299-BCBC-0B90F66B28EE}.Debug|Any CPU.Build.0 = Debug|Any CPU
		{9E1B21D4-ED1B-4299-BCBC-0B90F66B28EE}.Release|Any CPU.ActiveCfg = Release|Any CPU
		{9E1B21D4-ED1B-4299-BCBC-0B90F66B28EE}.Release|Any CPU.Build.0 = Release|Any CPU
	EndGlobalSection
	GlobalSection(SolutionProperties) = preSolution
		HideSolutionNode = FALSE
	EndGlobalSection
	GlobalSection(ExtensibilityGlobals) = postSolution
		SolutionGuid = {1A18BA70-8EC2-43A8-BB1C-C0717C2FA52C}
	EndGlobalSection
EndGlobal
